{
    "_readme": [
        "This file locks the dependencies of your project to a known state",
        "Read more about it at https://getcomposer.org/doc/01-basic-usage.md#installing-dependencies",
        "This file is @generated automatically"
    ],
    "content-hash": "96349cc1af22f4a5ef0a79ad5a545d40",
    "packages": [
        {
            "name": "composer/installers",
            "version": "v1.12.0",
            "source": {
                "type": "git",
                "url": "https://github.com/composer/installers.git",
                "reference": "d20a64ed3c94748397ff5973488761b22f6d3f19"
            },
            "dist": {
                "type": "zip",
                "url": "https://api.github.com/repos/composer/installers/zipball/d20a64ed3c94748397ff5973488761b22f6d3f19",
                "reference": "d20a64ed3c94748397ff5973488761b22f6d3f19",
                "shasum": ""
            },
            "require": {
                "composer-plugin-api": "^1.0 || ^2.0"
            },
            "replace": {
                "roundcube/plugin-installer": "*",
                "shama/baton": "*"
            },
            "require-dev": {
                "composer/composer": "1.6.* || ^2.0",
                "composer/semver": "^1 || ^3",
                "phpstan/phpstan": "^0.12.55",
                "phpstan/phpstan-phpunit": "^0.12.16",
                "symfony/phpunit-bridge": "^4.2 || ^5",
                "symfony/process": "^2.3"
            },
            "type": "composer-plugin",
            "extra": {
                "class": "Composer\\Installers\\Plugin",
                "branch-alias": {
                    "dev-main": "1.x-dev"
                }
            },
            "autoload": {
                "psr-4": {
                    "Composer\\Installers\\": "src/Composer/Installers"
                }
            },
            "notification-url": "https://packagist.org/downloads/",
            "license": [
                "MIT"
            ],
            "authors": [
                {
                    "name": "Kyle Robinson Young",
                    "email": "kyle@dontkry.com",
                    "homepage": "https://github.com/shama"
                }
            ],
            "description": "A multi-framework Composer library installer",
            "homepage": "https://composer.github.io/installers/",
            "keywords": [
                "Craft",
                "Dolibarr",
                "Eliasis",
                "Hurad",
                "ImageCMS",
                "Kanboard",
                "Lan Management System",
                "MODX Evo",
                "MantisBT",
                "Mautic",
                "Maya",
                "OXID",
                "Plentymarkets",
                "Porto",
                "RadPHP",
                "SMF",
                "Starbug",
                "Thelia",
                "Whmcs",
                "WolfCMS",
                "agl",
                "aimeos",
                "annotatecms",
                "attogram",
                "bitrix",
                "cakephp",
                "chef",
                "cockpit",
                "codeigniter",
                "concrete5",
                "croogo",
                "dokuwiki",
                "drupal",
                "eZ Platform",
                "elgg",
                "expressionengine",
                "fuelphp",
                "grav",
                "installer",
                "itop",
                "joomla",
                "known",
                "kohana",
                "laravel",
                "lavalite",
                "lithium",
                "magento",
                "majima",
                "mako",
                "mediawiki",
                "miaoxing",
                "modulework",
                "modx",
                "moodle",
                "osclass",
                "pantheon",
                "phpbb",
                "piwik",
                "ppi",
                "processwire",
                "puppet",
                "pxcms",
                "reindex",
                "roundcube",
                "shopware",
                "silverstripe",
                "sydes",
                "sylius",
                "symfony",
                "tastyigniter",
                "typo3",
                "wordpress",
                "yawik",
                "zend",
                "zikula"
            ],
            "support": {
                "issues": "https://github.com/composer/installers/issues",
                "source": "https://github.com/composer/installers/tree/v1.12.0"
            },
            "funding": [
                {
                    "url": "https://packagist.com",
                    "type": "custom"
                },
                {
                    "url": "https://github.com/composer",
                    "type": "github"
                },
                {
                    "url": "https://tidelift.com/funding/github/packagist/composer/composer",
                    "type": "tidelift"
                }
            ],
            "time": "2021-09-13T08:19:44+00:00"
        },
        {
            "name": "mustache/mustache",
            "version": "v2.14.2",
            "source": {
                "type": "git",
                "url": "https://github.com/bobthecow/mustache.php.git",
                "reference": "e62b7c3849d22ec55f3ec425507bf7968193a6cb"
            },
            "dist": {
                "type": "zip",
                "url": "https://api.github.com/repos/bobthecow/mustache.php/zipball/e62b7c3849d22ec55f3ec425507bf7968193a6cb",
                "reference": "e62b7c3849d22ec55f3ec425507bf7968193a6cb",
                "shasum": ""
            },
            "require": {
                "php": ">=5.2.4"
            },
            "require-dev": {
                "friendsofphp/php-cs-fixer": "~1.11",
                "phpunit/phpunit": "~3.7|~4.0|~5.0"
            },
            "type": "library",
            "autoload": {
                "psr-0": {
                    "Mustache": "src/"
                }
            },
            "notification-url": "https://packagist.org/downloads/",
            "license": [
                "MIT"
            ],
            "authors": [
                {
                    "name": "Justin Hileman",
                    "email": "justin@justinhileman.info",
                    "homepage": "http://justinhileman.com"
                }
            ],
            "description": "A Mustache implementation in PHP.",
            "homepage": "https://github.com/bobthecow/mustache.php",
            "keywords": [
                "mustache",
                "templating"
            ],
            "support": {
                "issues": "https://github.com/bobthecow/mustache.php/issues",
                "source": "https://github.com/bobthecow/mustache.php/tree/v2.14.2"
            },
            "time": "2022-08-23T13:07:01+00:00"
        },
        {
            "name": "origgami/cmb2-grid",
            "version": "dev-master",
            "source": {
                "type": "git",
                "url": "https://github.com/origgami/CMB2-grid.git",
                "reference": "eef4d3f6bd34b70266d774f549ffcdb9c708ba5e"
            },
            "dist": {
                "type": "zip",
                "url": "https://api.github.com/repos/origgami/CMB2-grid/zipball/eef4d3f6bd34b70266d774f549ffcdb9c708ba5e",
                "reference": "eef4d3f6bd34b70266d774f549ffcdb9c708ba5e",
                "shasum": ""
            },
            "require": {
                "composer/installers": ">=v1.1.0"
            },
            "default-branch": true,
            "type": "wordpress-plugin",
            "notification-url": "https://packagist.org/downloads/",
            "support": {
                "issues": "https://github.com/origgami/CMB2-grid/issues",
                "source": "https://github.com/origgami/CMB2-grid/tree/master"
            },
            "time": "2023-12-07T18:38:34+00:00"
        },
        {
            "name": "scribu/lib-posts-to-posts",
            "version": "dev-master",
            "source": {
                "type": "git",
                "url": "https://github.com/scribu/wp-lib-posts-to-posts.git",
                "reference": "a695438e455587fa228e993d05b4431cde99af1b"
            },
            "dist": {
                "type": "zip",
                "url": "https://api.github.com/repos/scribu/wp-lib-posts-to-posts/zipball/a695438e455587fa228e993d05b4431cde99af1b",
                "reference": "a695438e455587fa228e993d05b4431cde99af1b",
                "shasum": ""
            },
            "require": {
                "scribu/scb-framework": "dev-master"
            },
            "default-branch": true,
            "type": "library",
            "autoload": {
                "files": [
                    "autoload.php"
                ]
            },
            "notification-url": "https://packagist.org/downloads/",
            "license": [
                "GPL-2.0+"
            ],
            "description": "A library for many-to-many relationships in WordPress",
            "homepage": "https://github.com/scribu/wp-lib-posts-to-posts",
            "support": {
                "source": "https://github.com/scribu/wp-lib-posts-to-posts/tree/master"
            },
            "time": "2016-02-15T12:08:59+00:00"
        },
        {
            "name": "scribu/posts-to-posts",
            "version": "1.6.5",
            "source": {
                "type": "git",
                "url": "https://github.com/scribu/wp-posts-to-posts.git",
                "reference": "f1e6fd3099172d741ee5efd8048f0a54dc3a1eba"
            },
            "dist": {
                "type": "zip",
                "url": "https://api.github.com/repos/scribu/wp-posts-to-posts/zipball/f1e6fd3099172d741ee5efd8048f0a54dc3a1eba",
                "reference": "f1e6fd3099172d741ee5efd8048f0a54dc3a1eba",
                "shasum": ""
            },
            "require": {
                "composer/installers": "~1.0",
                "mustache/mustache": "~2.6",
                "scribu/lib-posts-to-posts": "dev-master"
            },
            "type": "wordpress-plugin",
            "license": [
                "GPL-2.0+"
            ],
            "homepage": "http://wordpress.org/plugins/posts-to-posts",
            "support": {
                "source": "https://github.com/scribu/wp-posts-to-posts/tree/1.6.5",
                "issues": "https://github.com/scribu/wp-posts-to-posts/issues"
            },
            "time": "2015-10-13T13:12:40+00:00"
        },
        {
            "name": "scribu/scb-framework",
            "version": "dev-master",
            "source": {
                "type": "git",
                "url": "https://github.com/scribu/wp-scb-framework.git",
                "reference": "d35d5126c6d323711dd14b9d97aaa927eaaba123"
            },
            "dist": {
                "type": "zip",
                "url": "https://api.github.com/repos/scribu/wp-scb-framework/zipball/d35d5126c6d323711dd14b9d97aaa927eaaba123",
                "reference": "d35d5126c6d323711dd14b9d97aaa927eaaba123",
                "shasum": ""
            },
            "default-branch": true,
            "type": "library",
            "autoload": {
                "files": [
                    "load-composer.php",
                    "Util.php"
                ],
                "classmap": [
                    "."
                ]
            },
            "notification-url": "https://packagist.org/downloads/",
            "license": [
                "GPL-3.0+"
            ],
            "authors": [
                {
                    "name": "Cristi Burcă",
                    "homepage": "http://scribu.net/"
                }
            ],
            "description": "A set of useful classes for faster plugin development",
            "homepage": "https://github.com/scribu/wp-scb-framework",
            "keywords": [
                "wordpress"
            ],
            "support": {
                "issues": "https://github.com/scribu/wp-scb-framework/issues",
                "source": "https://github.com/scribu/wp-scb-framework",
                "wiki": "https://github.com/scribu/wp-scb-framework/wiki"
            },
            "time": "2020-03-15T20:51:58+00:00"
        },
        {
            "name": "seravo/wp-custom-bulk-actions",
            "version": "0.1.4",
            "source": {
                "type": "git",
                "url": "https://github.com/Seravo/wp-custom-bulk-actions.git",
                "reference": "b31da03919186b1065616743a54995b7e4f29d4a"
            },
            "dist": {
                "type": "zip",
                "url": "https://api.github.com/repos/Seravo/wp-custom-bulk-actions/zipball/b31da03919186b1065616743a54995b7e4f29d4a",
                "reference": "b31da03919186b1065616743a54995b7e4f29d4a",
                "shasum": ""
            },
            "type": "wordpress-plugin",
            "notification-url": "https://packagist.org/downloads/",
            "license": [
                "GPLv3"
            ],
            "authors": [
                {
                    "name": "Onni Hakala",
                    "email": "onni@seravo.fi",
                    "homepage": "https://github.com/onnimonni"
                }
            ],
            "description": "Custom bulk actions for any type of posts in WordPress.",
            "homepage": "https://github.com/Seravo/wp-custom-bulk-actions",
            "keywords": [
                "bulk action",
                "custom",
                "posts",
                "wordpress"
            ],
            "support": {
                "issues": "https://github.com/Seravo/wp-custom-bulk-actions/issues",
                "source": "https://github.com/Seravo/wp-custom-bulk-actions/tree/master"
            },
            "abandoned": true,
            "time": "2018-04-01T20:16:31+00:00"
        },
        {
            "name": "webdevstudios/cmb2",
            "version": "v2.12.0",
            "source": {
                "type": "git",
                "url": "https://github.com/CMB2/CMB2.git",
                "reference": "9a3686d42539ee3c1113bd09623f4ffbbee94397"
            },
            "dist": {
                "type": "zip",
                "url": "https://api.github.com/repos/CMB2/CMB2/zipball/9a3686d42539ee3c1113bd09623f4ffbbee94397",
                "reference": "9a3686d42539ee3c1113bd09623f4ffbbee94397",
                "shasum": ""
            },
            "require": {
                "php": ">7.4"
            },
            "require-dev": {
                "phpunit/phpunit": "^9.6",
                "yoast/phpunit-polyfills": "^1.1"
            },
            "suggest": {
                "composer/installers": "~1.0"
            },
            "type": "wordpress-plugin",
            "notification-url": "https://packagist.org/downloads/",
            "license": [
                "GPL-2.0-or-later"
            ],
            "authors": [
                {
                    "name": "Justin Sternberg",
                    "email": "justin@dsgnwrks.pro",
                    "homepage": "https://dsgnwrks.pro",
                    "role": "Developer"
                },
                {
                    "name": "WebDevStudios",
                    "email": "contact@webdevstudios.com",
                    "homepage": "https://github.com/WebDevStudios",
                    "role": "Developer"
                }
            ],
            "description": "CMB2 is a metabox, custom fields, and forms library for WordPress that will blow your mind.",
            "homepage": "https://github.com/CMB2/CMB2",
            "keywords": [
                "metabox",
                "plugin",
                "wordpress"
            ],
            "support": {
                "issues": "https://github.com/CMB2/CMB2/issues",
                "source": "http://wordpress.org/support/plugin/cmb2"
            },
            "abandoned": "cmb2/cmb2",
            "time": "2026-05-31T02:21:57+00:00"
        },
        {
            "name": "webdevstudios/cmb2-attached-posts",
            "version": "v1.2.7",
            "source": {
                "type": "git",
                "url": "https://github.com/CMB2/cmb2-attached-posts.git",
                "reference": "556701d8f032931838c524ddc55c40b177a0e1a8"
            },
            "dist": {
                "type": "zip",
                "url": "https://api.github.com/repos/CMB2/cmb2-attached-posts/zipball/556701d8f032931838c524ddc55c40b177a0e1a8",
                "reference": "556701d8f032931838c524ddc55c40b177a0e1a8",
                "shasum": ""
            },
            "require": {
                "php": ">5.2.4"
            },
            "suggest": {
                "composer/installers": "~1.0"
            },
            "type": "wordpress-plugin",
            "notification-url": "https://packagist.org/downloads/",
            "license": [
                "GPL-2.0+"
            ],
            "authors": [
                {
                    "name": "WebDevStudios",
                    "email": "contact@webdevstudios.com",
                    "homepage": "https://github.com/WebDevStudios",
                    "role": "Developer"
                }
            ],
            "description": "Custom field for CMB2 for creating post relationships.",
            "homepage": "https://github.com/WebDevStudios/CMB2",
            "keywords": [
                "attached",
                "metabox",
                "plugin",
                "post",
                "relationship",
                "wordpress"
            ],
            "support": {
                "issues": "https://github.com/WebDevStudios/cmb2-attached-posts/issues",
                "source": "https://github.com/WebDevStudios/cmb2-attached-posts/"
            },
            "time": "2017-11-09T18:44:20+00:00"
        }
    ],
    "packages-dev": [],
    "aliases": [],
    "minimum-stability": "stable",
    "stability-flags": {
        "origgami/cmb2-grid": 20,
        "scribu/lib-posts-to-posts": 20,
        "scribu/scb-framework": 20
    },
    "prefer-stable": false,
    "prefer-lowest": false,
    "platform": {
        "php": ">=5.3"
    },
    "platform-dev": {},
    "plugin-api-version": "2.9.0"
}
